
Microsoft Visual Studio Solution File, Format Version 12.00
# Visual Studio 14
VisualStudioVersion = 14.0.23107.0
MinimumVisualStudioVersion = 10.0.40219.1
Project("{FAE04EC0-301F-11D3-BF4B-00C04F79EFBC}") = "FinancialSysApp", "FinancialSysApp\FinancialSysApp.csproj", "{10DF81E3-51D7-49FB-8AA4-49B75E9ED211}"
EndProject
Global
	GlobalSection(SolutionConfigurationPlatforms) = preSolution
		Debug|Any CPU = Debug|Any CPU
		Release|Any CPU = Release|Any CPU
	EndGlobalSection
	GlobalSection(ProjectConfigurationPlatforms) = postSolution
		{10DF81E3-51D7-49FB-8AA4-49B75E9ED211}.Debug|Any CPU.ActiveCfg = Debug|Any CPU
		{10DF81E3-51D7-49FB-8AA4-49B75E9ED211}.Debug|Any CPU.Build.0 = Debug|Any CPU
		{10DF81E3-51D7-49FB-8AA4-49B75E9ED211}.Release|Any CPU.ActiveCfg = Release|Any CPU
		{10DF81E3-51D7-49FB-8AA4-49B75E9ED211}.Release|Any CPU.Build.0 = Release|Any CPU
	EndGlobalSection
	GlobalSection(SolutionProperties) = preSolution
		HideSolutionNode = FALSE
	EndGlobalSection
	GlobalSection(ExtensibilityGlobals) = postSolution
		SolutionGuid = {273A439D-8F41-4044-B9FF-1DF712BBBBF2}
	EndGlobalSection
EndGlobal
